# This file is automatically @generated by Cargo.
# It is not intended for manual editing.
version = 3

[[package]]
name = "core-app"
version = "0.1.0"
dependencies = [
 "hal-api",
]

[[package]]
name = "embedded-hal"
version = "1.0.0"
source = "registry+https://github.com/rust-lang/crates.io-index"
checksum = "361a90feb7004eca4019fb28352a9465666b24f840f5c3cddf0ff13920590b89"

[[package]]
name = "hal-api"
version = "0.1.0"

[[package]]
name = "mcu-hal-sim-rs"
version = "0.1.0"
dependencies = [
 "core-app",
 "hal-api",
 "platform-pc-sim",
]

[[package]]
name = "platform-esp32"
version = "0.1.0"
dependencies = [
 "embedded-hal",
 "hal-api",
]

[[package]]
name = "platform-pc-sim"
version = "0.1.0"
dependencies = [
 "core-app",
 "hal-api",
]
